// Generated File DO NOT MANUALLY EDIT, this file SHOULD be commited to version control system
{"image_base_name":"tipibuild/tipi-ubuntu-2404-clang20","manifest_digest":"sha256:a71bcf0207c62e24ec4ce142356270a4c9458ca58fce908510412971eafd04f4","platform":"linux/amd64","raw_envzip_hash":"9050e5ddb8c06f558f7ca1837f8e446446165347"}