// Generated File DO NOT MANUALLY EDIT, this file SHOULD be commited to version control system
{"image_base_name":"tipibuild/tipi-ubuntu-2404-clang20","manifest_digest":"sha256:154c1c1f2d114af0a3a0c058336066629dd6a7b1cdb705fc4aa577dab994b7b2","platform":"linux/amd64","raw_envzip_hash":"3e382e5a1d86f02405553fe52a1c28fee3267265"}