// Generated File DO NOT MANUALLY EDIT, this file SHOULD be commited to version control system
{"image_base_name":"tipibuild/tipi-ubuntu-2404","manifest_digest":"sha256:d2934dcd46825cf97424e1a587007e71033b78299f6bd0c0a563c34c20ebef13","platform":"linux/amd64","raw_envzip_hash":"2d178b0af06fa477698ce6aec26338281e4f0055"}