// Generated File DO NOT MANUALLY EDIT, this file SHOULD be commited to version control system
{"image_base_name":"tipibuild/tipi-ubuntu-musl-2404","manifest_digest":"sha256:71a99a0135c6ddb766de25f0de24c064f40ca3f66e20b125d400767e6577243b","platform":"linux/amd64","raw_envzip_hash":"7ebd2ba14a135d85e50769dd13f61c38d03b8abd"}