// Generated File DO NOT MANUALLY EDIT, this file SHOULD be commited to version control system
{"image_base_name":"tipibuild/tipi-ubuntu-2404-aarch64-linux-gnu","manifest_digest":"sha256:7837f210343603fd26ea185ff0a861c7f65ba93debaec60c3819c79f2ca54e48","platform":"linux/amd64","raw_envzip_hash":"121ebbe3018fb0b2bfe0e05e509837c8e5d70f97"}