// Generated File DO NOT MANUALLY EDIT, this file SHOULD be commited to version control system
{"image_base_name":"tipibuild/tipi-ubuntu-2404-clang20","manifest_digest":"sha256:191162de49efa02e42b237eebf0de7ec82dc89c6f939b95061374b0efbde897b","platform":"linux/amd64","raw_envzip_hash":"1024e1534baa99d5a90fdbb6f7b5b6f2a63805de"}