// Generated File DO NOT MANUALLY EDIT, this file SHOULD be commited to version control system
{"image_base_name":"tipibuild/tipi-ubuntu-2404-clang20","manifest_digest":"sha256:6cbb0ac47572271c70fb81551623172bd86c4133ddd853d9596762ffc30dcdd1","platform":"linux/amd64","raw_envzip_hash":"56842e6cb47330dec6493a89859243de1014c506"}