// Generated File DO NOT MANUALLY EDIT, this file SHOULD be commited to version control system
{"image_base_name":"tipibuild/tipi-ubuntu-2404-clang20-prebuilt","manifest_digest":"sha256:de11077e3c34011648fb4c1a3165c7a72b2f219b751fdeb5eaf74498bdac27f5","platform":"linux/amd64","raw_envzip_hash":"2bda4236b759a3cb0251c983cdfa7a5c72213496"}