// Generated File DO NOT MANUALLY EDIT, this file SHOULD be commited to version control system
{"image_base_name":"tipibuild/tipi-ubuntu-2404-clang20-prebuilt","manifest_digest":"sha256:df20e500eeedded08e9ed4d0299ed9a50407d437f2ef836f28594a76575b849e","platform":"linux/amd64","raw_envzip_hash":"f83c0336b21f36512591ac5c013a5b38ecced9e6"}